Microsoft Visual Studio Solution File, Format Version 11.00
# Visual Studio 2008

Project("{9B9508B3-6AC0-E519-A69E-9A95DD94B43E}") = "jiraichan", "Assembly-CSharp.csproj", "{94379273-3FD8-65CE-91C2-18F4544436BF}"
EndProject
Project("{9B9508B3-6AC0-E519-A69E-9A95DD94B43E}") = "jiraichan", "Assembly-CSharp-Editor.csproj", "{2FD3295C-243A-402E-0E96-4157BA0D36D1}"
EndProject
Global
	GlobalSection(SolutionConfigurationPlatforms) = preSolution
		Debug|Any CPU = Debug|Any CPU
		Release|Any CPU = Release|Any CPU
	EndGlobalSection
	GlobalSection(ProjectConfigurationPlatforms) = postSolution
		{94379273-3FD8-65CE-91C2-18F4544436BF}.Debug|Any CPU.ActiveCfg = Debug|Any CPU
		{94379273-3FD8-65CE-91C2-18F4544436BF}.Debug|Any CPU.Build.0 = Debug|Any CPU
		{94379273-3FD8-65CE-91C2-18F4544436BF}.Release|Any CPU.ActiveCfg = Release|Any CPU
		{94379273-3FD8-65CE-91C2-18F4544436BF}.Release|Any CPU.Build.0 = Release|Any CPU
		{2FD3295C-243A-402E-0E96-4157BA0D36D1}.Debug|Any CPU.ActiveCfg = Debug|Any CPU
		{2FD3295C-243A-402E-0E96-4157BA0D36D1}.Debug|Any CPU.Build.0 = Debug|Any CPU
		{2FD3295C-243A-402E-0E96-4157BA0D36D1}.Release|Any CPU.ActiveCfg = Release|Any CPU
		{2FD3295C-243A-402E-0E96-4157BA0D36D1}.Release|Any CPU.Build.0 = Release|Any CPU
	EndGlobalSection
	GlobalSection(SolutionProperties) = preSolution
		HideSolutionNode = FALSE
	EndGlobalSection
	GlobalSection(MonoDevelopProperties) = preSolution
		StartupItem = Assembly-CSharp.csproj
	EndGlobalSection
EndGlobal
